{
    "hash": "62192306ec7fdaba4e65e722e33f75b7",
    "packages": [
        {
            "name": "leafo/lessphp",
            "version": "dev-master",
            "source": {
                "type": "git",
                "url": "http://github.com/leafo/lessphp",
                "reference": "da15f54506ce5023eaeb9ad9cae83470ffe018a1"
            },
            "dist": {
                "type": "zip",
                "url": "https://github.com/leafo/lessphp/archive/da15f54506ce5023eaeb9ad9cae83470ffe018a1.zip",
                "reference": "da15f54506ce5023eaeb9ad9cae83470ffe018a1",
                "shasum": ""
            },
            "time": "2012-11-03 17:50:34",
            "type": "library",
            "installation-source": "source",
            "autoload": {
                "classmap": [
                    "lessc.inc.php"
                ]
            },
            "license": [
                "MIT",
                "GPL-3.0"
            ],
            "authors": [
                {
                    "name": "Leaf Corcoran",
                    "email": "leafot@gmail.com",
                    "homepage": "http://leafo.net"
                }
            ],
            "description": "lessphp is a compiler for LESS written in PHP.",
            "homepage": "http://leafo.net/lessphp/"
        },
        {
            "name": "symfony/console",
            "version": "dev-master",
            "target-dir": "Symfony/Component/Console",
            "source": {
                "type": "git",
                "url": "https://github.com/symfony/Console",
                "reference": "003a487a674175a1d2e62f205ecd91ffe85554b1"
            },
            "dist": {
                "type": "zip",
                "url": "https://github.com/symfony/Console/archive/003a487a674175a1d2e62f205ecd91ffe85554b1.zip",
                "reference": "003a487a674175a1d2e62f205ecd91ffe85554b1",
                "shasum": ""
            },
            "require": {
                "php": ">=5.3.3"
            },
            "time": "2012-11-19 12:58:52",
            "type": "library",
            "extra": {
                "branch-alias": {
                    "dev-master": "2.2-dev"
                }
            },
            "installation-source": "source",
            "autoload": {
                "psr-0": {
                    "Symfony\\Component\\Console\\": ""
                }
            },
            "license": [
                "MIT"
            ],
            "authors": [
                {
                    "name": "Fabien Potencier",
                    "email": "fabien@symfony.com"
                },
                {
                    "name": "Symfony Community",
                    "homepage": "http://symfony.com/contributors"
                }
            ],
            "description": "Symfony Console Component",
            "homepage": "http://symfony.com"
        },
        {
            "name": "symfony/filesystem",
            "version": "2.1.x-dev",
            "target-dir": "Symfony/Component/Filesystem",
            "source": {
                "type": "git",
                "url": "https://github.com/symfony/Filesystem",
                "reference": "aa34ce62326260b1a911deafaa5bb2bf898e7d65"
            },
            "dist": {
                "type": "zip",
                "url": "https://github.com/symfony/Filesystem/archive/aa34ce62326260b1a911deafaa5bb2bf898e7d65.zip",
                "reference": "aa34ce62326260b1a911deafaa5bb2bf898e7d65",
                "shasum": ""
            },
            "require": {
                "php": ">=5.3.3"
            },
            "time": "2012-11-20 13:21:32",
            "type": "library",
            "extra": {
                "branch-alias": {
                    "dev-master": "2.1-dev"
                }
            },
            "installation-source": "source",
            "autoload": {
                "psr-0": {
                    "Symfony\\Component\\Filesystem": ""
                }
            },
            "license": [
                "MIT"
            ],
            "authors": [
                {
                    "name": "Fabien Potencier",
                    "email": "fabien@symfony.com"
                },
                {
                    "name": "Symfony Community",
                    "homepage": "http://symfony.com/contributors"
                }
            ],
            "description": "Symfony Filesystem Component",
            "homepage": "http://symfony.com"
        },
        {
            "name": "symfony/process",
            "version": "2.1.x-dev",
            "target-dir": "Symfony/Component/Process",
            "source": {
                "type": "git",
                "url": "https://github.com/symfony/Process",
                "reference": "a7938028486f28dd611787fb691eff273f9c2752"
            },
            "dist": {
                "type": "zip",
                "url": "https://github.com/symfony/Process/archive/a7938028486f28dd611787fb691eff273f9c2752.zip",
                "reference": "a7938028486f28dd611787fb691eff273f9c2752",
                "shasum": ""
            },
            "require": {
                "php": ">=5.3.3"
            },
            "time": "2012-11-19 20:53:52",
            "type": "library",
            "extra": {
                "branch-alias": {
                    "dev-master": "2.1-dev"
                }
            },
            "installation-source": "source",
            "autoload": {
                "psr-0": {
                    "Symfony\\Component\\Process": ""
                }
            },
            "license": [
                "MIT"
            ],
            "authors": [
                {
                    "name": "Fabien Potencier",
                    "email": "fabien@symfony.com"
                },
                {
                    "name": "Symfony Community",
                    "homepage": "http://symfony.com/contributors"
                }
            ],
            "description": "Symfony Process Component",
            "homepage": "http://symfony.com"
        }
    ],
    "packages-dev": null,
    "aliases": [

    ],
    "minimum-stability": "stable",
    "stability-flags": {
        "leafo/lessphp": 20,
        "symfony/console": 20,
        "symfony/filesystem": 20,
        "symfony/process": 20
    }
}
